
Microsoft Visual Studio Solution File, Format Version 12.00
# Visual Studio Version 17
VisualStudioVersion = 17.13.35931.197 d17.13
MinimumVisualStudioVersion = 10.0.40219.1
Project("{FAE04EC0-301F-11D3-BF4B-00C04F79EFBC}") = "oopAlapok", "oopAlapok\oopAlapok.csproj", "{5ED390E0-D2BF-4D9A-90F4-68B8B5F368FC}"
EndProject
Global
	GlobalSection(SolutionConfigurationPlatforms) = preSolution
		Debug|Any CPU = Debug|Any CPU
		Release|Any CPU = Release|Any CPU
	EndGlobalSection
	GlobalSection(ProjectConfigurationPlatforms) = postSolution
		{5ED390E0-D2BF-4D9A-90F4-68B8B5F368FC}.Debug|Any CPU.ActiveCfg = Debug|Any CPU
		{5ED390E0-D2BF-4D9A-90F4-68B8B5F368FC}.Debug|Any CPU.Build.0 = Debug|Any CPU
		{5ED390E0-D2BF-4D9A-90F4-68B8B5F368FC}.Release|Any CPU.ActiveCfg = Release|Any CPU
		{5ED390E0-D2BF-4D9A-90F4-68B8B5F368FC}.Release|Any CPU.Build.0 = Release|Any CPU
	EndGlobalSection
	GlobalSection(SolutionProperties) = preSolution
		HideSolutionNode = FALSE
	EndGlobalSection
	GlobalSection(ExtensibilityGlobals) = postSolution
		SolutionGuid = {20CD4939-83F6-4CAA-A9DD-252E87CE0186}
	EndGlobalSection
EndGlobal
